// !$*UTF8*$!
{
	archiveVersion = 1;
	classes = {
	};
	objectVersion = 55;
	objects = {

/* Begin PBXBuildFile section */
		681CDB152940524F00DA599C /* SnapKit in Frameworks */ = {isa = PBXBuildFile; productRef = 681CDB142940524F00DA599C /* SnapKit */; };
		681CDB182940527800DA599C /* RxCocoa in Frameworks */ = {isa = PBXBuildFile; productRef = 681CDB172940527800DA599C /* RxCocoa */; };
		681CDB1A2940527800DA599C /* RxRelay in Frameworks */ = {isa = PBXBuildFile; productRef = 681CDB192940527800DA599C /* RxRelay */; };
		681CDB1C2940527800DA599C /* RxSwift in Frameworks */ = {isa = PBXBuildFile; productRef = 681CDB1B2940527800DA599C /* RxSwift */; };
		681CDB1E294052BC00DA599C /* KeyframeImage.swift in Sources */ = {isa = PBXBuildFile; fileRef = 681CDB1D294052BC00DA599C /* KeyframeImage.swift */; };
		681CDB20294052DE00DA599C /* VideoProgressIndicator.swift in Sources */ = {isa = PBXBuildFile; fileRef = 681CDB1F294052DE00DA599C /* VideoProgressIndicator.swift */; };
		681CDB22294052FE00DA599C /* VideoEndIndicator.swift in Sources */ = {isa = PBXBuildFile; fileRef = 681CDB21294052FE00DA599C /* VideoEndIndicator.swift */; };
		681CDB242940531500DA599C /* VideoStartIndicator.swift in Sources */ = {isa = PBXBuildFile; fileRef = 681CDB232940531500DA599C /* VideoStartIndicator.swift */; };
		681CDB282940537200DA599C /* VideoListViewModel.swift in Sources */ = {isa = PBXBuildFile; fileRef = 681CDB272940537200DA599C /* VideoListViewModel.swift */; };
		681CDB2A2940539D00DA599C /* VideoListViewController.swift in Sources */ = {isa = PBXBuildFile; fileRef = 681CDB292940539D00DA599C /* VideoListViewController.swift */; };
		681CDB2C294053C300DA599C /* VideoListViewController+Extension.swift in Sources */ = {isa = PBXBuildFile; fileRef = 681CDB2B294053C300DA599C /* VideoListViewController+Extension.swift */; };
		681CDB302940542800DA599C /* VideoCollectionViewCell.swift in Sources */ = {isa = PBXBuildFile; fileRef = 681CDB2D2940542800DA599C /* VideoCollectionViewCell.swift */; };
		681CDB312940542800DA599C /* VideoNavigationCollectionCell.swift in Sources */ = {isa = PBXBuildFile; fileRef = 681CDB2E2940542800DA599C /* VideoNavigationCollectionCell.swift */; };
		681CDB322940542800DA599C /* VideoListCollectionHeaderView.swift in Sources */ = {isa = PBXBuildFile; fileRef = 681CDB2F2940542800DA599C /* VideoListCollectionHeaderView.swift */; };
		681CDB342940547800DA599C /* Extension+VideoNavigationView.swift in Sources */ = {isa = PBXBuildFile; fileRef = 681CDB332940547800DA599C /* Extension+VideoNavigationView.swift */; };
		681CDB362940548100DA599C /* VideoNavigationView.swift in Sources */ = {isa = PBXBuildFile; fileRef = 681CDB352940548100DA599C /* VideoNavigationView.swift */; };
		681CDB382940549000DA599C /* Extension+VideoPlayViewController.swift in Sources */ = {isa = PBXBuildFile; fileRef = 681CDB372940548F00DA599C /* Extension+VideoPlayViewController.swift */; };
		681CDB3A2940549400DA599C /* VideoPlayViewController.swift in Sources */ = {isa = PBXBuildFile; fileRef = 681CDB392940549300DA599C /* VideoPlayViewController.swift */; };
		681CDB3C294054AD00DA599C /* ScreenSize.swift in Sources */ = {isa = PBXBuildFile; fileRef = 681CDB3B294054AD00DA599C /* ScreenSize.swift */; };
		681CDB3E294054F100DA599C /* UIViewController+Extension.swift in Sources */ = {isa = PBXBuildFile; fileRef = 681CDB3D294054F100DA599C /* UIViewController+Extension.swift */; };
		681CDB402940550300DA599C /* UIView+Extension.swift in Sources */ = {isa = PBXBuildFile; fileRef = 681CDB3F2940550300DA599C /* UIView+Extension.swift */; };
		681CDB422940551D00DA599C /* Reusable.swift in Sources */ = {isa = PBXBuildFile; fileRef = 681CDB412940551D00DA599C /* Reusable.swift */; };
		681CDB442940553C00DA599C /* UICollectionView+Extension.swift in Sources */ = {isa = PBXBuildFile; fileRef = 681CDB432940553C00DA599C /* UICollectionView+Extension.swift */; };
		681CDB462940558D00DA599C /* VideoHelpManeger.swift in Sources */ = {isa = PBXBuildFile; fileRef = 681CDB452940558D00DA599C /* VideoHelpManeger.swift */; };
		682F0BA52946097E00431E1A /* PHFetchOptions+Extension.swift in Sources */ = {isa = PBXBuildFile; fileRef = 682F0BA42946097E00431E1A /* PHFetchOptions+Extension.swift */; };
		682F0BA729460A1700431E1A /* VideoItem.swift in Sources */ = {isa = PBXBuildFile; fileRef = 682F0BA629460A1700431E1A /* VideoItem.swift */; };
		682F0BA929460B2F00431E1A /* PHAssetManager.swift in Sources */ = {isa = PBXBuildFile; fileRef = 682F0BA829460B2F00431E1A /* PHAssetManager.swift */; };
		682F0BAB29460B7D00431E1A /* PHImage.swift in Sources */ = {isa = PBXBuildFile; fileRef = 682F0BAA29460B7D00431E1A /* PHImage.swift */; };
		682F0BAD29460B9C00431E1A /* PHAssetConfiguration.swift in Sources */ = {isa = PBXBuildFile; fileRef = 682F0BAC29460B9C00431E1A /* PHAssetConfiguration.swift */; };
		68CA6B782940A30900C3ABC6 /* LightCompressor.swift in Sources */ = {isa = PBXBuildFile; fileRef = 68CA6B772940A30900C3ABC6 /* LightCompressor.swift */; };
		68CA6B7A2940A34100C3ABC6 /* AVPlayer+Extension.swift in Sources */ = {isa = PBXBuildFile; fileRef = 68CA6B792940A34100C3ABC6 /* AVPlayer+Extension.swift */; };
		68CA6B7C2940A35D00C3ABC6 /* AVAsset+Extension.swift in Sources */ = {isa = PBXBuildFile; fileRef = 68CA6B7B2940A35D00C3ABC6 /* AVAsset+Extension.swift */; };
		68CA6B7E2940A38500C3ABC6 /* TrimError.swift in Sources */ = {isa = PBXBuildFile; fileRef = 68CA6B7D2940A38500C3ABC6 /* TrimError.swift */; };
		68CA6B802940A3AE00C3ABC6 /* VideoFrameImage.swift in Sources */ = {isa = PBXBuildFile; fileRef = 68CA6B7F2940A3AE00C3ABC6 /* VideoFrameImage.swift */; };
		68CA6B822940A40600C3ABC6 /* VideoCachingManeger.swift in Sources */ = {isa = PBXBuildFile; fileRef = 68CA6B812940A40600C3ABC6 /* VideoCachingManeger.swift */; };
		68CA6B842940A46D00C3ABC6 /* DateCalculation.swift in Sources */ = {isa = PBXBuildFile; fileRef = 68CA6B832940A46D00C3ABC6 /* DateCalculation.swift */; };
		68CA6B862940A51300C3ABC6 /* VideoRecodeManager.swift in Sources */ = {isa = PBXBuildFile; fileRef = 68CA6B852940A51300C3ABC6 /* VideoRecodeManager.swift */; };
		68CA6B8A2940A5BC00C3ABC6 /* VideoRecode.xcdatamodeld in Sources */ = {isa = PBXBuildFile; fileRef = 68CA6B882940A5BC00C3ABC6 /* VideoRecode.xcdatamodeld */; };
		68CA6B8C2940A68C00C3ABC6 /* VideoRecode+CoreDataClass.swift in Sources */ = {isa = PBXBuildFile; fileRef = 68CA6B8B2940A68C00C3ABC6 /* VideoRecode+CoreDataClass.swift */; };
		68CA6B8E2940A6A000C3ABC6 /* VideoRecode+CoreDataProperties.swift in Sources */ = {isa = PBXBuildFile; fileRef = 68CA6B8D2940A6A000C3ABC6 /* VideoRecode+CoreDataProperties.swift */; };
		68CA6B902940A78400C3ABC6 /* Data+Extension.swift in Sources */ = {isa = PBXBuildFile; fileRef = 68CA6B8F2940A78400C3ABC6 /* Data+Extension.swift */; };
		F611A1F62937A36F00828FCB /* AppDelegate.swift in Sources */ = {isa = PBXBuildFile; fileRef = F611A1F52937A36F00828FCB /* AppDelegate.swift */; };
		F611A1F82937A36F00828FCB /* SceneDelegate.swift in Sources */ = {isa = PBXBuildFile; fileRef = F611A1F72937A36F00828FCB /* SceneDelegate.swift */; };
		F611A1FA2937A36F00828FCB /* ViewController.swift in Sources */ = {isa = PBXBuildFile; fileRef = F611A1F92937A36F00828FCB /* ViewController.swift */; };
		F611A1FF2937A37300828FCB /* Assets.xcassets in Resources */ = {isa = PBXBuildFile; fileRef = F611A1FE2937A37300828FCB /* Assets.xcassets */; };
/* End PBXBuildFile section */

/* Begin PBXFileReference section */
		681CDB1D294052BC00DA599C /* KeyframeImage.swift */ = {isa = PBXFileReference; lastKnownFileType = sourcecode.swift; path = KeyframeImage.swift; sourceTree = "<group>"; };
		681CDB1F294052DE00DA599C /* VideoProgressIndicator.swift */ = {isa = PBXFileReference; lastKnownFileType = sourcecode.swift; path = VideoProgressIndicator.swift; sourceTree = "<group>"; };
		681CDB21294052FE00DA599C /* VideoEndIndicator.swift */ = {isa = PBXFileReference; lastKnownFileType = sourcecode.swift; path = VideoEndIndicator.swift; sourceTree = "<group>"; };
		681CDB232940531500DA599C /* VideoStartIndicator.swift */ = {isa = PBXFileReference; lastKnownFileType = sourcecode.swift; path = VideoStartIndicator.swift; sourceTree = "<group>"; };
		681CDB272940537200DA599C /* VideoListViewModel.swift */ = {isa = PBXFileReference; lastKnownFileType = sourcecode.swift; path = VideoListViewModel.swift; sourceTree = "<group>"; };
		681CDB292940539D00DA599C /* VideoListViewController.swift */ = {isa = PBXFileReference; lastKnownFileType = sourcecode.swift; path = VideoListViewController.swift; sourceTree = "<group>"; };
		681CDB2B294053C300DA599C /* VideoListViewController+Extension.swift */ = {isa = PBXFileReference; lastKnownFileType = sourcecode.swift; path = "VideoListViewController+Extension.swift"; sourceTree = "<group>"; };
		681CDB2D2940542800DA599C /* VideoCollectionViewCell.swift */ = {isa = PBXFileReference; fileEncoding = 4; lastKnownFileType = sourcecode.swift; path = VideoCollectionViewCell.swift; sourceTree = "<group>"; };
		681CDB2E2940542800DA599C /* VideoNavigationCollectionCell.swift */ = {isa = PBXFileReference; fileEncoding = 4; lastKnownFileType = sourcecode.swift; path = VideoNavigationCollectionCell.swift; sourceTree = "<group>"; };
		681CDB2F2940542800DA599C /* VideoListCollectionHeaderView.swift */ = {isa = PBXFileReference; fileEncoding = 4; lastKnownFileType = sourcecode.swift; path = VideoListCollectionHeaderView.swift; sourceTree = "<group>"; };
		681CDB332940547800DA599C /* Extension+VideoNavigationView.swift */ = {isa = PBXFileReference; fileEncoding = 4; lastKnownFileType = sourcecode.swift; path = "Extension+VideoNavigationView.swift"; sourceTree = "<group>"; };
		681CDB352940548100DA599C /* VideoNavigationView.swift */ = {isa = PBXFileReference; fileEncoding = 4; lastKnownFileType = sourcecode.swift; path = VideoNavigationView.swift; sourceTree = "<group>"; };
		681CDB372940548F00DA599C /* Extension+VideoPlayViewController.swift */ = {isa = PBXFileReference; fileEncoding = 4; lastKnownFileType = sourcecode.swift; path = "Extension+VideoPlayViewController.swift"; sourceTree = "<group>"; };
		681CDB392940549300DA599C /* VideoPlayViewController.swift */ = {isa = PBXFileReference; fileEncoding = 4; lastKnownFileType = sourcecode.swift; path = VideoPlayViewController.swift; sourceTree = "<group>"; };
		681CDB3B294054AD00DA599C /* ScreenSize.swift */ = {isa = PBXFileReference; lastKnownFileType = sourcecode.swift; path = ScreenSize.swift; sourceTree = "<group>"; };
		681CDB3D294054F100DA599C /* UIViewController+Extension.swift */ = {isa = PBXFileReference; lastKnownFileType = sourcecode.swift; path = "UIViewController+Extension.swift"; sourceTree = "<group>"; };
		681CDB3F2940550300DA599C /* UIView+Extension.swift */ = {isa = PBXFileReference; lastKnownFileType = sourcecode.swift; path = "UIView+Extension.swift"; sourceTree = "<group>"; };
		681CDB412940551D00DA599C /* Reusable.swift */ = {isa = PBXFileReference; fileEncoding = 4; lastKnownFileType = sourcecode.swift; path = Reusable.swift; sourceTree = "<group>"; };
		681CDB432940553C00DA599C /* UICollectionView+Extension.swift */ = {isa = PBXFileReference; fileEncoding = 4; lastKnownFileType = sourcecode.swift; path = "UICollectionView+Extension.swift"; sourceTree = "<group>"; };
		681CDB452940558D00DA599C /* VideoHelpManeger.swift */ = {isa = PBXFileReference; fileEncoding = 4; lastKnownFileType = sourcecode.swift; path = VideoHelpManeger.swift; sourceTree = "<group>"; };
		682F0BA42946097E00431E1A /* PHFetchOptions+Extension.swift */ = {isa = PBXFileReference; lastKnownFileType = sourcecode.swift; path = "PHFetchOptions+Extension.swift"; sourceTree = "<group>"; };
		682F0BA629460A1700431E1A /* VideoItem.swift */ = {isa = PBXFileReference; lastKnownFileType = sourcecode.swift; path = VideoItem.swift; sourceTree = "<group>"; };
		682F0BA829460B2F00431E1A /* PHAssetManager.swift */ = {isa = PBXFileReference; lastKnownFileType = sourcecode.swift; path = PHAssetManager.swift; sourceTree = "<group>"; };
		682F0BAA29460B7D00431E1A /* PHImage.swift */ = {isa = PBXFileReference; lastKnownFileType = sourcecode.swift; path = PHImage.swift; sourceTree = "<group>"; };
		682F0BAC29460B9C00431E1A /* PHAssetConfiguration.swift */ = {isa = PBXFileReference; lastKnownFileType = sourcecode.swift; path = PHAssetConfiguration.swift; sourceTree = "<group>"; };
		68B748F62940AAF000ACC8A3 /* FastCut.app */ = {isa = PBXFileReference; explicitFileType = wrapper.application; includeInIndex = 0; path = FastCut.app; sourceTree = BUILT_PRODUCTS_DIR; };
		68CA6B772940A30900C3ABC6 /* LightCompressor.swift */ = {isa = PBXFileReference; fileEncoding = 4; lastKnownFileType = sourcecode.swift; path = LightCompressor.swift; sourceTree = "<group>"; };
		68CA6B792940A34100C3ABC6 /* AVPlayer+Extension.swift */ = {isa = PBXFileReference; lastKnownFileType = sourcecode.swift; path = "AVPlayer+Extension.swift"; sourceTree = "<group>"; };
		68CA6B7B2940A35D00C3ABC6 /* AVAsset+Extension.swift */ = {isa = PBXFileReference; lastKnownFileType = sourcecode.swift; path = "AVAsset+Extension.swift"; sourceTree = "<group>"; };
		68CA6B7D2940A38500C3ABC6 /* TrimError.swift */ = {isa = PBXFileReference; lastKnownFileType = sourcecode.swift; path = TrimError.swift; sourceTree = "<group>"; };
		68CA6B7F2940A3AE00C3ABC6 /* VideoFrameImage.swift */ = {isa = PBXFileReference; lastKnownFileType = sourcecode.swift; path = VideoFrameImage.swift; sourceTree = "<group>"; };
		68CA6B812940A40600C3ABC6 /* VideoCachingManeger.swift */ = {isa = PBXFileReference; lastKnownFileType = sourcecode.swift; path = VideoCachingManeger.swift; sourceTree = "<group>"; };
		68CA6B832940A46D00C3ABC6 /* DateCalculation.swift */ = {isa = PBXFileReference; lastKnownFileType = sourcecode.swift; path = DateCalculation.swift; sourceTree = "<group>"; };
		68CA6B852940A51300C3ABC6 /* VideoRecodeManager.swift */ = {isa = PBXFileReference; lastKnownFileType = sourcecode.swift; path = VideoRecodeManager.swift; sourceTree = "<group>"; };
		68CA6B892940A5BC00C3ABC6 /* VideoRecode.xcdatamodel */ = {isa = PBXFileReference; lastKnownFileType = wrapper.xcdatamodel; path = VideoRecode.xcdatamodel; sourceTree = "<group>"; };
		68CA6B8B2940A68C00C3ABC6 /* VideoRecode+CoreDataClass.swift */ = {isa = PBXFileReference; lastKnownFileType = sourcecode.swift; path = "VideoRecode+CoreDataClass.swift"; sourceTree = "<group>"; };
		68CA6B8D2940A6A000C3ABC6 /* VideoRecode+CoreDataProperties.swift */ = {isa = PBXFileReference; lastKnownFileType = sourcecode.swift; path = "VideoRecode+CoreDataProperties.swift"; sourceTree = "<group>"; };
		68CA6B8F2940A78400C3ABC6 /* Data+Extension.swift */ = {isa = PBXFileReference; lastKnownFileType = sourcecode.swift; path = "Data+Extension.swift"; sourceTree = "<group>"; };
		F611A1F52937A36F00828FCB /* AppDelegate.swift */ = {isa = PBXFileReference; lastKnownFileType = sourcecode.swift; path = AppDelegate.swift; sourceTree = "<group>"; };
		F611A1F72937A36F00828FCB /* SceneDelegate.swift */ = {isa = PBXFileReference; lastKnownFileType = sourcecode.swift; path = SceneDelegate.swift; sourceTree = "<group>"; };
		F611A1F92937A36F00828FCB /* ViewController.swift */ = {isa = PBXFileReference; lastKnownFileType = sourcecode.swift; path = ViewController.swift; sourceTree = "<group>"; };
		F611A1FE2937A37300828FCB /* Assets.xcassets */ = {isa = PBXFileReference; lastKnownFileType = folder.assetcatalog; path = Assets.xcassets; sourceTree = "<group>"; };
		F611A2032937A37300828FCB /* Info.plist */ = {isa = PBXFileReference; lastKnownFileType = text.plist.xml; path = Info.plist; sourceTree = "<group>"; };
/* End PBXFileReference section */

/* Begin PBXFrameworksBuildPhase section */
		F611A1EF2937A36F00828FCB /* Frameworks */ = {
			isa = PBXFrameworksBuildPhase;
			buildActionMask = 2147483647;
			files = (
				681CDB1A2940527800DA599C /* RxRelay in Frameworks */,
				681CDB182940527800DA599C /* RxCocoa in Frameworks */,
				681CDB1C2940527800DA599C /* RxSwift in Frameworks */,
				681CDB152940524F00DA599C /* SnapKit in Frameworks */,
			);
			runOnlyForDeploymentPostprocessing = 0;
		};
/* End PBXFrameworksBuildPhase section */

/* Begin PBXGroup section */
		681CDB132940524F00DA599C /* Frameworks */ = {
			isa = PBXGroup;
			children = (
			);
			name = Frameworks;
			sourceTree = "<group>";
		};
		681CDB262940533400DA599C /* Entitiy */ = {
			isa = PBXGroup;
			children = (
				681CDB1D294052BC00DA599C /* KeyframeImage.swift */,
				68CA6B7D2940A38500C3ABC6 /* TrimError.swift */,
				68CA6B7F2940A3AE00C3ABC6 /* VideoFrameImage.swift */,
				682F0BA629460A1700431E1A /* VideoItem.swift */,
				682F0BAA29460B7D00431E1A /* PHImage.swift */,
				682F0BAC29460B9C00431E1A /* PHAssetConfiguration.swift */,
			);
			path = Entitiy;
			sourceTree = "<group>";
		};
		682241592944BDB3005AC7D7 /* VideoEdit */ = {
			isa = PBXGroup;
			children = (
				682241632944C187005AC7D7 /* VideoEdit+View */,
				6822415E2944BF83005AC7D7 /* VideoEdit+Controller */,
			);
			path = VideoEdit;
			sourceTree = "<group>";
		};
		6822415A2944BDB6005AC7D7 /* VideoTakeController */ = {
			isa = PBXGroup;
			children = (
			);
			path = VideoTakeController;
			sourceTree = "<group>";
		};
		6822415B2944BDC6005AC7D7 /* Extensions */ = {
			isa = PBXGroup;
			children = (
				681CDB352940548100DA599C /* VideoNavigationView.swift */,
				68CA6B7B2940A35D00C3ABC6 /* AVAsset+Extension.swift */,
				68CA6B8F2940A78400C3ABC6 /* Data+Extension.swift */,
				68CA6B792940A34100C3ABC6 /* AVPlayer+Extension.swift */,
				681CDB3D294054F100DA599C /* UIViewController+Extension.swift */,
				681CDB432940553C00DA599C /* UICollectionView+Extension.swift */,
				681CDB3F2940550300DA599C /* UIView+Extension.swift */,
				682F0BA42946097E00431E1A /* PHFetchOptions+Extension.swift */,
			);
			path = Extensions;
			sourceTree = "<group>";
		};
		6822415C2944BDD7005AC7D7 /* Video+Indicator */ = {
			isa = PBXGroup;
			children = (
				681CDB1F294052DE00DA599C /* VideoProgressIndicator.swift */,
				681CDB21294052FE00DA599C /* VideoEndIndicator.swift */,
				681CDB232940531500DA599C /* VideoStartIndicator.swift */,
			);
			path = "Video+Indicator";
			sourceTree = "<group>";
		};
		6822415D2944BE0C005AC7D7 /* Manager */ = {
			isa = PBXGroup;
			children = (
				68CA6B852940A51300C3ABC6 /* VideoRecodeManager.swift */,
				68CA6B772940A30900C3ABC6 /* LightCompressor.swift */,
				681CDB452940558D00DA599C /* VideoHelpManeger.swift */,
				68CA6B812940A40600C3ABC6 /* VideoCachingManeger.swift */,
				682F0BA829460B2F00431E1A /* PHAssetManager.swift */,
			);
			path = Manager;
			sourceTree = "<group>";
		};
		6822415E2944BF83005AC7D7 /* VideoEdit+Controller */ = {
			isa = PBXGroup;
			children = (
				681CDB392940549300DA599C /* VideoPlayViewController.swift */,
				681CDB372940548F00DA599C /* Extension+VideoPlayViewController.swift */,
			);
			path = "VideoEdit+Controller";
			sourceTree = "<group>";
		};
		6822415F2944BFA6005AC7D7 /* VideoList+Contrller */ = {
			isa = PBXGroup;
			children = (
				681CDB292940539D00DA599C /* VideoListViewController.swift */,
				681CDB2B294053C300DA599C /* VideoListViewController+Extension.swift */,
			);
			path = "VideoList+Contrller";
			sourceTree = "<group>";
		};
		682241602944C038005AC7D7 /* Scene */ = {
			isa = PBXGroup;
			children = (
				F611A1F52937A36F00828FCB /* AppDelegate.swift */,
				F611A1F72937A36F00828FCB /* SceneDelegate.swift */,
			);
			path = Scene;
			sourceTree = "<group>";
		};
		682241612944C134005AC7D7 /* Protocol */ = {
			isa = PBXGroup;
			children = (
				681CDB3B294054AD00DA599C /* ScreenSize.swift */,
				681CDB412940551D00DA599C /* Reusable.swift */,
			);
			path = Protocol;
			sourceTree = "<group>";
		};
		682241622944C17B005AC7D7 /* VideoList+View */ = {
			isa = PBXGroup;
			children = (
				681CDB2D2940542800DA599C /* VideoCollectionViewCell.swift */,
				681CDB2F2940542800DA599C /* VideoListCollectionHeaderView.swift */,
			);
			path = "VideoList+View";
			sourceTree = "<group>";
		};
		682241632944C187005AC7D7 /* VideoEdit+View */ = {
			isa = PBXGroup;
			children = (
				682241642944C1AC005AC7D7 /* VideoEdit+Cell */,
				6822415C2944BDD7005AC7D7 /* Video+Indicator */,
			);
			path = "VideoEdit+View";
			sourceTree = "<group>";
		};
		682241642944C1AC005AC7D7 /* VideoEdit+Cell */ = {
			isa = PBXGroup;
			children = (
				681CDB332940547800DA599C /* Extension+VideoNavigationView.swift */,
				681CDB2E2940542800DA599C /* VideoNavigationCollectionCell.swift */,
			);
			path = "VideoEdit+Cell";
			sourceTree = "<group>";
		};
		68CA6B752940A20D00C3ABC6 /* Controller */ = {
			isa = PBXGroup;
			children = (
				6822415A2944BDB6005AC7D7 /* VideoTakeController */,
				682241592944BDB3005AC7D7 /* VideoEdit */,
				68CA6B762940A22C00C3ABC6 /* VideoList */,
			);
			path = Controller;
			sourceTree = "<group>";
		};
		68CA6B762940A22C00C3ABC6 /* VideoList */ = {
			isa = PBXGroup;
			children = (
				681CDB272940537200DA599C /* VideoListViewModel.swift */,
				682241622944C17B005AC7D7 /* VideoList+View */,
				6822415F2944BFA6005AC7D7 /* VideoList+Contrller */,
			);
			path = VideoList;
			sourceTree = "<group>";
		};
		68CA6B872940A53200C3ABC6 /* CoreData */ = {
			isa = PBXGroup;
			children = (
				68CA6B882940A5BC00C3ABC6 /* VideoRecode.xcdatamodeld */,
				68CA6B8B2940A68C00C3ABC6 /* VideoRecode+CoreDataClass.swift */,
				68CA6B8D2940A6A000C3ABC6 /* VideoRecode+CoreDataProperties.swift */,
			);
			path = CoreData;
			sourceTree = "<group>";
		};
		F611A1E92937A36F00828FCB = {
			isa = PBXGroup;
			children = (
				F611A1F42937A36F00828FCB /* FastCut */,
				681CDB132940524F00DA599C /* Frameworks */,
				68B748F62940AAF000ACC8A3 /* FastCut.app */,
			);
			sourceTree = "<group>";
		};
		F611A1F42937A36F00828FCB /* FastCut */ = {
			isa = PBXGroup;
			children = (
				682241602944C038005AC7D7 /* Scene */,
				682241612944C134005AC7D7 /* Protocol */,
				6822415D2944BE0C005AC7D7 /* Manager */,
				6822415B2944BDC6005AC7D7 /* Extensions */,
				68CA6B872940A53200C3ABC6 /* CoreData */,
				68CA6B752940A20D00C3ABC6 /* Controller */,
				681CDB262940533400DA599C /* Entitiy */,
				F611A1F92937A36F00828FCB /* ViewController.swift */,
				68CA6B832940A46D00C3ABC6 /* DateCalculation.swift */,
				F611A1FE2937A37300828FCB /* Assets.xcassets */,
				F611A2032937A37300828FCB /* Info.plist */,
			);
			path = FastCut;
			sourceTree = "<group>";
		};
/* End PBXGroup section */

/* Begin PBXNativeTarget section */
		F611A1F12937A36F00828FCB /* FastCut */ = {
			isa = PBXNativeTarget;
			buildConfigurationList = F611A2062937A37300828FCB /* Build configuration list for PBXNativeTarget "FastCut" */;
			buildPhases = (
				F611A1EE2937A36F00828FCB /* Sources */,
				F611A1EF2937A36F00828FCB /* Frameworks */,
				F611A1F02937A36F00828FCB /* Resources */,
			);
			buildRules = (
			);
			dependencies = (
			);
			name = FastCut;
			packageProductDependencies = (
				681CDB142940524F00DA599C /* SnapKit */,
				681CDB172940527800DA599C /* RxCocoa */,
				681CDB192940527800DA599C /* RxRelay */,
				681CDB1B2940527800DA599C /* RxSwift */,
			);
			productName = FastCut;
			productReference = 68B748F62940AAF000ACC8A3 /* FastCut.app */;
			productType = "com.apple.product-type.application";
		};
/* End PBXNativeTarget section */

/* Begin PBXProject section */
		F611A1EA2937A36F00828FCB /* Project object */ = {
			isa = PBXProject;
			attributes = {
				BuildIndependentTargetsInParallel = 1;
				LastSwiftUpdateCheck = 1320;
				LastUpgradeCheck = 1320;
				TargetAttributes = {
					F611A1F12937A36F00828FCB = {
						CreatedOnToolsVersion = 13.2.1;
					};
				};
			};
			buildConfigurationList = F611A1ED2937A36F00828FCB /* Build configuration list for PBXProject "FastCut" */;
			compatibilityVersion = "Xcode 13.0";
			developmentRegion = en;
			hasScannedForEncodings = 0;
			knownRegions = (
				en,
				Base,
			);
			mainGroup = F611A1E92937A36F00828FCB;
			packageReferences = (
				681CDB12294051D000DA599C /* XCRemoteSwiftPackageReference "SnapKit" */,
				681CDB162940527800DA599C /* XCRemoteSwiftPackageReference "RxSwift" */,
			);
			productRefGroup = F611A1E92937A36F00828FCB;
			projectDirPath = "";
			projectRoot = "";
			targets = (
				F611A1F12937A36F00828FCB /* FastCut */,
			);
		};
/* End PBXProject section */

/* Begin PBXResourcesBuildPhase section */
		F611A1F02937A36F00828FCB /* Resources */ = {
			isa = PBXResourcesBuildPhase;
			buildActionMask = 2147483647;
			files = (
				F611A1FF2937A37300828FCB /* Assets.xcassets in Resources */,
			);
			runOnlyForDeploymentPostprocessing = 0;
		};
/* End PBXResourcesBuildPhase section */

/* Begin PBXSourcesBuildPhase section */
		F611A1EE2937A36F00828FCB /* Sources */ = {
			isa = PBXSourcesBuildPhase;
			buildActionMask = 2147483647;
			files = (
				681CDB302940542800DA599C /* VideoCollectionViewCell.swift in Sources */,
				681CDB3A2940549400DA599C /* VideoPlayViewController.swift in Sources */,
				682F0BA929460B2F00431E1A /* PHAssetManager.swift in Sources */,
				68CA6B822940A40600C3ABC6 /* VideoCachingManeger.swift in Sources */,
				68CA6B8E2940A6A000C3ABC6 /* VideoRecode+CoreDataProperties.swift in Sources */,
				681CDB2A2940539D00DA599C /* VideoListViewController.swift in Sources */,
				68CA6B7C2940A35D00C3ABC6 /* AVAsset+Extension.swift in Sources */,
				681CDB242940531500DA599C /* VideoStartIndicator.swift in Sources */,
				F611A1FA2937A36F00828FCB /* ViewController.swift in Sources */,
				681CDB282940537200DA599C /* VideoListViewModel.swift in Sources */,
				681CDB422940551D00DA599C /* Reusable.swift in Sources */,
				681CDB3C294054AD00DA599C /* ScreenSize.swift in Sources */,
				68CA6B802940A3AE00C3ABC6 /* VideoFrameImage.swift in Sources */,
				68CA6B842940A46D00C3ABC6 /* DateCalculation.swift in Sources */,
				681CDB2C294053C300DA599C /* VideoListViewController+Extension.swift in Sources */,
				681CDB3E294054F100DA599C /* UIViewController+Extension.swift in Sources */,
				68CA6B7E2940A38500C3ABC6 /* TrimError.swift in Sources */,
				681CDB382940549000DA599C /* Extension+VideoPlayViewController.swift in Sources */,
				681CDB22294052FE00DA599C /* VideoEndIndicator.swift in Sources */,
				681CDB442940553C00DA599C /* UICollectionView+Extension.swift in Sources */,
				682F0BA729460A1700431E1A /* VideoItem.swift in Sources */,
				682F0BAD29460B9C00431E1A /* PHAssetConfiguration.swift in Sources */,
				682F0BA52946097E00431E1A /* PHFetchOptions+Extension.swift in Sources */,
				68CA6B782940A30900C3ABC6 /* LightCompressor.swift in Sources */,
				681CDB462940558D00DA599C /* VideoHelpManeger.swift in Sources */,
				681CDB1E294052BC00DA599C /* KeyframeImage.swift in Sources */,
				68CA6B902940A78400C3ABC6 /* Data+Extension.swift in Sources */,
				F611A1F62937A36F00828FCB /* AppDelegate.swift in Sources */,
				68CA6B862940A51300C3ABC6 /* VideoRecodeManager.swift in Sources */,
				681CDB322940542800DA599C /* VideoListCollectionHeaderView.swift in Sources */,
				681CDB342940547800DA599C /* Extension+VideoNavigationView.swift in Sources */,
				682F0BAB29460B7D00431E1A /* PHImage.swift in Sources */,
				68CA6B8A2940A5BC00C3ABC6 /* VideoRecode.xcdatamodeld in Sources */,
				681CDB312940542800DA599C /* VideoNavigationCollectionCell.swift in Sources */,
				681CDB20294052DE00DA599C /* VideoProgressIndicator.swift in Sources */,
				68CA6B7A2940A34100C3ABC6 /* AVPlayer+Extension.swift in Sources */,
				F611A1F82937A36F00828FCB /* SceneDelegate.swift in Sources */,
				68CA6B8C2940A68C00C3ABC6 /* VideoRecode+CoreDataClass.swift in Sources */,
				681CDB402940550300DA599C /* UIView+Extension.swift in Sources */,
				681CDB362940548100DA599C /* VideoNavigationView.swift in Sources */,
			);
			runOnlyForDeploymentPostprocessing = 0;
		};
/* End PBXSourcesBuildPhase section */

/* Begin XCBuildConfiguration section */
		F611A2042937A37300828FCB /* Debug */ = {
			isa = XCBuildConfiguration;
			buildSettings = {
				ALWAYS_SEARCH_USER_PATHS = NO;
				CLANG_ANALYZER_NONNULL = YES;
				CLANG_ANALYZER_NUMBER_OBJECT_CONVERSION = YES_AGGRESSIVE;
				CLANG_CXX_LANGUAGE_STANDARD = "gnu++17";
				CLANG_CXX_LIBRARY = "libc++";
				CLANG_ENABLE_MODULES = YES;
				CLANG_ENABLE_OBJC_ARC = YES;
				CLANG_ENABLE_OBJC_WEAK = YES;
				CLANG_WARN_BLOCK_CAPTURE_AUTORELEASING = YES;
				CLANG_WARN_BOOL_CONVERSION = YES;
				CLANG_WARN_COMMA = YES;
				CLANG_WARN_CONSTANT_CONVERSION = YES;
				CLANG_WARN_DEPRECATED_OBJC_IMPLEMENTATIONS = YES;
				CLANG_WARN_DIRECT_OBJC_ISA_USAGE = YES_ERROR;
				CLANG_WARN_DOCUMENTATION_COMMENTS = YES;
				CLANG_WARN_EMPTY_BODY = YES;
				CLANG_WARN_ENUM_CONVERSION = YES;
				CLANG_WARN_INFINITE_RECURSION = YES;
				CLANG_WARN_INT_CONVERSION = YES;
				CLANG_WARN_NON_LITERAL_NULL_CONVERSION = YES;
				CLANG_WARN_OBJC_IMPLICIT_RETAIN_SELF = YES;
				CLANG_WARN_OBJC_LITERAL_CONVERSION = YES;
				CLANG_WARN_OBJC_ROOT_CLASS = YES_ERROR;
				CLANG_WARN_QUOTED_INCLUDE_IN_FRAMEWORK_HEADER = YES;
				CLANG_WARN_RANGE_LOOP_ANALYSIS = YES;
				CLANG_WARN_STRICT_PROTOTYPES = YES;
				CLANG_WARN_SUSPICIOUS_MOVE = YES;
				CLANG_WARN_UNGUARDED_AVAILABILITY = YES_AGGRESSIVE;
				CLANG_WARN_UNREACHABLE_CODE = YES;
				CLANG_WARN__DUPLICATE_METHOD_MATCH = YES;
				COPY_PHASE_STRIP = NO;
				DEBUG_INFORMATION_FORMAT = dwarf;
				ENABLE_STRICT_OBJC_MSGSEND = YES;
				ENABLE_TESTABILITY = YES;
				GCC_C_LANGUAGE_STANDARD = gnu11;
				GCC_DYNAMIC_NO_PIC = NO;
				GCC_NO_COMMON_BLOCKS = YES;
				GCC_OPTIMIZATION_LEVEL = 0;
				GCC_PREPROCESSOR_DEFINITIONS = (
					"DEBUG=1",
					"$(inherited)",
				);
				GCC_WARN_64_TO_32_BIT_CONVERSION = YES;
				GCC_WARN_ABOUT_RETURN_TYPE = YES_ERROR;
				GCC_WARN_UNDECLARED_SELECTOR = YES;
				GCC_WARN_UNINITIALIZED_AUTOS = YES_AGGRESSIVE;
				GCC_WARN_UNUSED_FUNCTION = YES;
				GCC_WARN_UNUSED_VARIABLE = YES;
				IPHONEOS_DEPLOYMENT_TARGET = 13.0;
				MTL_ENABLE_DEBUG_INFO = INCLUDE_SOURCE;
				MTL_FAST_MATH = YES;
				ONLY_ACTIVE_ARCH = YES;
				SDKROOT = iphoneos;
				SWIFT_ACTIVE_COMPILATION_CONDITIONS = DEBUG;
				SWIFT_OPTIMIZATION_LEVEL = "-Onone";
			};
			name = Debug;
		};
		F611A2052937A37300828FCB /* Release */ = {
			isa = XCBuildConfiguration;
			buildSettings = {
				ALWAYS_SEARCH_USER_PATHS = NO;
				CLANG_ANALYZER_NONNULL = YES;
				CLANG_ANALYZER_NUMBER_OBJECT_CONVERSION = YES_AGGRESSIVE;
				CLANG_CXX_LANGUAGE_STANDARD = "gnu++17";
				CLANG_CXX_LIBRARY = "libc++";
				CLANG_ENABLE_MODULES = YES;
				CLANG_ENABLE_OBJC_ARC = YES;
				CLANG_ENABLE_OBJC_WEAK = YES;
				CLANG_WARN_BLOCK_CAPTURE_AUTORELEASING = YES;
				CLANG_WARN_BOOL_CONVERSION = YES;
				CLANG_WARN_COMMA = YES;
				CLANG_WARN_CONSTANT_CONVERSION = YES;
				CLANG_WARN_DEPRECATED_OBJC_IMPLEMENTATIONS = YES;
				CLANG_WARN_DIRECT_OBJC_ISA_USAGE = YES_ERROR;
				CLANG_WARN_DOCUMENTATION_COMMENTS = YES;
				CLANG_WARN_EMPTY_BODY = YES;
				CLANG_WARN_ENUM_CONVERSION = YES;
				CLANG_WARN_INFINITE_RECURSION = YES;
				CLANG_WARN_INT_CONVERSION = YES;
				CLANG_WARN_NON_LITERAL_NULL_CONVERSION = YES;
				CLANG_WARN_OBJC_IMPLICIT_RETAIN_SELF = YES;
				CLANG_WARN_OBJC_LITERAL_CONVERSION = YES;
				CLANG_WARN_OBJC_ROOT_CLASS = YES_ERROR;
				CLANG_WARN_QUOTED_INCLUDE_IN_FRAMEWORK_HEADER = YES;
				CLANG_WARN_RANGE_LOOP_ANALYSIS = YES;
				CLANG_WARN_STRICT_PROTOTYPES = YES;
				CLANG_WARN_SUSPICIOUS_MOVE = YES;
				CLANG_WARN_UNGUARDED_AVAILABILITY = YES_AGGRESSIVE;
				CLANG_WARN_UNREACHABLE_CODE = YES;
				CLANG_WARN__DUPLICATE_METHOD_MATCH = YES;
				COPY_PHASE_STRIP = NO;
				DEBUG_INFORMATION_FORMAT = "dwarf-with-dsym";
				ENABLE_NS_ASSERTIONS = NO;
				ENABLE_STRICT_OBJC_MSGSEND = YES;
				GCC_C_LANGUAGE_STANDARD = gnu11;
				GCC_NO_COMMON_BLOCKS = YES;
				GCC_WARN_64_TO_32_BIT_CONVERSION = YES;
				GCC_WARN_ABOUT_RETURN_TYPE = YES_ERROR;
				GCC_WARN_UNDECLARED_SELECTOR = YES;
				GCC_WARN_UNINITIALIZED_AUTOS = YES_AGGRESSIVE;
				GCC_WARN_UNUSED_FUNCTION = YES;
				GCC_WARN_UNUSED_VARIABLE = YES;
				IPHONEOS_DEPLOYMENT_TARGET = 13.0;
				MTL_ENABLE_DEBUG_INFO = NO;
				MTL_FAST_MATH = YES;
				SDKROOT = iphoneos;
				SWIFT_COMPILATION_MODE = wholemodule;
				SWIFT_OPTIMIZATION_LEVEL = "-O";
				VALIDATE_PRODUCT = YES;
			};
			name = Release;
		};
		F611A2072937A37300828FCB /* Debug */ = {
			isa = XCBuildConfiguration;
			buildSettings = {
				ASSETCATALOG_COMPILER_APPICON_NAME = AppIcon;
				ASSETCATALOG_COMPILER_GLOBAL_ACCENT_COLOR_NAME = AccentColor;
				CODE_SIGN_STYLE = Automatic;
				CURRENT_PROJECT_VERSION = 1;
				DEVELOPMENT_TEAM = X2WF6FR3RY;
				GENERATE_INFOPLIST_FILE = YES;
				INFOPLIST_FILE = FastCut/Info.plist;
				INFOPLIST_KEY_UIApplicationSupportsIndirectInputEvents = YES;
				INFOPLIST_KEY_UILaunchStoryboardName = LaunchScreen;
				INFOPLIST_KEY_UIMainStoryboardFile = "";
				INFOPLIST_KEY_UISupportedInterfaceOrientations = UIInterfaceOrientationPortrait;
				IPHONEOS_DEPLOYMENT_TARGET = 13.0;
				LD_RUNPATH_SEARCH_PATHS = (
					"$(inherited)",
					"@executable_path/Frameworks",
				);
				MARKETING_VERSION = 1.0;
				PRODUCT_BUNDLE_IDENTIFIER = com.kjsx.FastCut;
				PRODUCT_NAME = "$(TARGET_NAME)";
				SUPPORTED_PLATFORMS = "iphoneos iphonesimulator";
				SUPPORTS_MACCATALYST = NO;
				SUPPORTS_MAC_DESIGNED_FOR_IPHONE_IPAD = NO;
				SWIFT_EMIT_LOC_STRINGS = YES;
				SWIFT_VERSION = 5.0;
				TARGETED_DEVICE_FAMILY = 1;
			};
			name = Debug;
		};
		F611A2082937A37300828FCB /* Release */ = {
			isa = XCBuildConfiguration;
			buildSettings = {
				ASSETCATALOG_COMPILER_APPICON_NAME = AppIcon;
				ASSETCATALOG_COMPILER_GLOBAL_ACCENT_COLOR_NAME = AccentColor;
				CODE_SIGN_STYLE = Automatic;
				CURRENT_PROJECT_VERSION = 1;
				DEVELOPMENT_TEAM = X2WF6FR3RY;
				GENERATE_INFOPLIST_FILE = YES;
				INFOPLIST_FILE = FastCut/Info.plist;
				INFOPLIST_KEY_UIApplicationSupportsIndirectInputEvents = YES;
				INFOPLIST_KEY_UILaunchStoryboardName = LaunchScreen;
				INFOPLIST_KEY_UIMainStoryboardFile = "";
				INFOPLIST_KEY_UISupportedInterfaceOrientations = UIInterfaceOrientationPortrait;
				IPHONEOS_DEPLOYMENT_TARGET = 13.0;
				LD_RUNPATH_SEARCH_PATHS = (
					"$(inherited)",
					"@executable_path/Frameworks",
				);
				MARKETING_VERSION = 1.0;
				PRODUCT_BUNDLE_IDENTIFIER = com.kjsx.FastCut;
				PRODUCT_NAME = "$(TARGET_NAME)";
				SUPPORTED_PLATFORMS = "iphoneos iphonesimulator";
				SUPPORTS_MACCATALYST = NO;
				SUPPORTS_MAC_DESIGNED_FOR_IPHONE_IPAD = NO;
				SWIFT_EMIT_LOC_STRINGS = YES;
				SWIFT_VERSION = 5.0;
				TARGETED_DEVICE_FAMILY = 1;
			};
			name = Release;
		};
/* End XCBuildConfiguration section */

/* Begin XCConfigurationList section */
		F611A1ED2937A36F00828FCB /* Build configuration list for PBXProject "FastCut" */ = {
			isa = XCConfigurationList;
			buildConfigurations = (
				F611A2042937A37300828FCB /* Debug */,
				F611A2052937A37300828FCB /* Release */,
			);
			defaultConfigurationIsVisible = 0;
			defaultConfigurationName = Release;
		};
		F611A2062937A37300828FCB /* Build configuration list for PBXNativeTarget "FastCut" */ = {
			isa = XCConfigurationList;
			buildConfigurations = (
				F611A2072937A37300828FCB /* Debug */,
				F611A2082937A37300828FCB /* Release */,
			);
			defaultConfigurationIsVisible = 0;
			defaultConfigurationName = Release;
		};
/* End XCConfigurationList section */

/* Begin XCRemoteSwiftPackageReference section */
		681CDB12294051D000DA599C /* XCRemoteSwiftPackageReference "SnapKit" */ = {
			isa = XCRemoteSwiftPackageReference;
			repositoryURL = "https://github.com/SnapKit/SnapKit";
			requirement = {
				branch = develop;
				kind = branch;
			};
		};
		681CDB162940527800DA599C /* XCRemoteSwiftPackageReference "RxSwift" */ = {
			isa = XCRemoteSwiftPackageReference;
			repositoryURL = "https://github.com/ReactiveX/RxSwift.git";
			requirement = {
				branch = main;
				kind = branch;
			};
		};
/* End XCRemoteSwiftPackageReference section */

/* Begin XCSwiftPackageProductDependency section */
		681CDB142940524F00DA599C /* SnapKit */ = {
			isa = XCSwiftPackageProductDependency;
			package = 681CDB12294051D000DA599C /* XCRemoteSwiftPackageReference "SnapKit" */;
			productName = SnapKit;
		};
		681CDB172940527800DA599C /* RxCocoa */ = {
			isa = XCSwiftPackageProductDependency;
			package = 681CDB162940527800DA599C /* XCRemoteSwiftPackageReference "RxSwift" */;
			productName = RxCocoa;
		};
		681CDB192940527800DA599C /* RxRelay */ = {
			isa = XCSwiftPackageProductDependency;
			package = 681CDB162940527800DA599C /* XCRemoteSwiftPackageReference "RxSwift" */;
			productName = RxRelay;
		};
		681CDB1B2940527800DA599C /* RxSwift */ = {
			isa = XCSwiftPackageProductDependency;
			package = 681CDB162940527800DA599C /* XCRemoteSwiftPackageReference "RxSwift" */;
			productName = RxSwift;
		};
/* End XCSwiftPackageProductDependency section */

/* Begin XCVersionGroup section */
		68CA6B882940A5BC00C3ABC6 /* VideoRecode.xcdatamodeld */ = {
			isa = XCVersionGroup;
			children = (
				68CA6B892940A5BC00C3ABC6 /* VideoRecode.xcdatamodel */,
			);
			currentVersion = 68CA6B892940A5BC00C3ABC6 /* VideoRecode.xcdatamodel */;
			path = VideoRecode.xcdatamodeld;
			sourceTree = "<group>";
			versionGroupType = wrapper.xcdatamodel;
		};
/* End XCVersionGroup section */
	};
	rootObject = F611A1EA2937A36F00828FCB /* Project object */;
}
